
Microsoft Visual Studio Solution File, Format Version 12.00
# Visual Studio Version 17
VisualStudioVersion = 17.10.34916.146
MinimumVisualStudioVersion = 10.0.40219.1
Project("{FAE04EC0-301F-11D3-BF4B-00C04F79EFBC}") = "FolderAutomation", "FolderAutomation\FolderAutomation.csproj", "{2F480258-0BBB-4C6C-AA34-D6945F2F9174}"
EndProject
Global
	GlobalSection(SolutionConfigurationPlatforms) = preSolution
		Debug|Any CPU = Debug|Any CPU
		Release|Any CPU = Release|Any CPU
	EndGlobalSection
	GlobalSection(ProjectConfigurationPlatforms) = postSolution
		{2F480258-0BBB-4C6C-AA34-D6945F2F9174}.Debug|Any CPU.ActiveCfg = Debug|Any CPU
		{2F480258-0BBB-4C6C-AA34-D6945F2F9174}.Debug|Any CPU.Build.0 = Debug|Any CPU
		{2F480258-0BBB-4C6C-AA34-D6945F2F9174}.Release|Any CPU.ActiveCfg = Release|Any CPU
		{2F480258-0BBB-4C6C-AA34-D6945F2F9174}.Release|Any CPU.Build.0 = Release|Any CPU
	EndGlobalSection
	GlobalSection(SolutionProperties) = preSolution
		HideSolutionNode = FALSE
	EndGlobalSection
	GlobalSection(ExtensibilityGlobals) = postSolution
		SolutionGuid = {0226EDB1-71BA-496B-B054-0322E6380DCB}
	EndGlobalSection
EndGlobal
